// !$*UTF8*$!
{
	archiveVersion = 1;
	classes = {
	};
	objectVersion = 77;
	objects = {

/* Begin PBXContainerItemProxy section */
		990B380F2EE3DDDE007B89BF /* PBXContainerItemProxy */ = {
			isa = PBXContainerItemProxy;
			containerPortal = 990B37F62EE3DDDD007B89BF /* Project object */;
			proxyType = 1;
			remoteGlobalIDString = 990B37FD2EE3DDDD007B89BF;
			remoteInfo = MetaMuseumGuide;
		};
		990B38192EE3DDDE007B89BF /* PBXContainerItemProxy */ = {
			isa = PBXContainerItemProxy;
			containerPortal = 990B37F62EE3DDDD007B89BF /* Project object */;
			proxyType = 1;
			remoteGlobalIDString = 990B37FD2EE3DDDD007B89BF;
			remoteInfo = MetaMuseumGuide;
		};
/* End PBXContainerItemProxy section */

/* Begin PBXFileReference section */
		990B37FE2EE3DDDD007B89BF /* MuseumMuse.app */ = {isa = PBXFileReference; explicitFileType = wrapper.application; includeInIndex = 0; path = MuseumMuse.app; sourceTree = BUILT_PRODUCTS_DIR; };
		990B380E2EE3DDDE007B89BF /* MuseumMuseTests.xctest */ = {isa = PBXFileReference; explicitFileType = wrapper.cfbundle; includeInIndex = 0; path = MuseumMuseTests.xctest; sourceTree = BUILT_PRODUCTS_DIR; };
		990B38182EE3DDDE007B89BF /* MuseumMuseUMuseumMuseTests.xctest */ = {isa = PBXFileReference; explicitFileType = wrapper.cfbundle; includeInIndex = 0; path = MuseumMuseUMuseumMuseTests.xctest; sourceTree = BUILT_PRODUCTS_DIR; };
/* End PBXFileReference section */

/* Begin PBXFileSystemSynchronizedRootGroup section */
		990B38002EE3DDDD007B89BF /* MetaMuseumGuide */ = {
			isa = PBXFileSystemSynchronizedRootGroup;
			path = MetaMuseumGuide;
			sourceTree = "<group>";
		};
		990B38112EE3DDDE007B89BF /* MetaMuseumGuideTests */ = {
			isa = PBXFileSystemSynchronizedRootGroup;
			path = MetaMuseumGuideTests;
			sourceTree = "<group>";
		};
		990B381B2EE3DDDE007B89BF /* MetaMuseumGuideUITests */ = {
			isa = PBXFileSystemSynchronizedRootGroup;
			path = MetaMuseumGuideUITests;
			sourceTree = "<group>";
		};
/* End PBXFileSystemSynchronizedRootGroup section */

/* Begin PBXFrameworksBuildPhase section */
		990B37FB2EE3DDDD007B89BF /* Frameworks */ = {
			isa = PBXFrameworksBuildPhase;
			buildActionMask = 2147483647;
			files = (
			);
			runOnlyForDeploymentPostprocessing = 0;
		};
		990B380B2EE3DDDE007B89BF /* Frameworks */ = {
			isa = PBXFrameworksBuildPhase;
			buildActionMask = 2147483647;
			files = (
			);
			runOnlyForDeploymentPostprocessing = 0;
		};
		990B38152EE3DDDE007B89BF /* Frameworks */ = {
			isa = PBXFrameworksBuildPhase;
			buildActionMask = 2147483647;
			files = (
			);
			runOnlyForDeploymentPostprocessing = 0;
		};
/* End PBXFrameworksBuildPhase section */

/* Begin PBXGroup section */
		990B37F52EE3DDDD007B89BF = {
			isa = PBXGroup;
			children = (
				990B38002EE3DDDD007B89BF /* MetaMuseumGuide */,
				990B38112EE3DDDE007B89BF /* MetaMuseumGuideTests */,
				990B381B2EE3DDDE007B89BF /* MetaMuseumGuideUITests */,
				990B37FF2EE3DDDD007B89BF /* Products */,
			);
			sourceTree = "<group>";
		};
		990B37FF2EE3DDDD007B89BF /* Products */ = {
			isa = PBXGroup;
			children = (
				990B37FE2EE3DDDD007B89BF /* MuseumMuse.app */,
				990B380E2EE3DDDE007B89BF /* MuseumMuseTests.xctest */,
				990B38182EE3DDDE007B89BF /* MuseumMuseUMuseumMuseTests.xctest */,
			);
			name = Products;
			sourceTree = "<group>";
		};
/* End PBXGroup section */

/* Begin PBXNativeTarget section */
		990B37FD2EE3DDDD007B89BF /* MuseumMuse */ = {
			isa = PBXNativeTarget;
			buildConfigurationList = 990B38222EE3DDDE007B89BF /* Build configuration list for PBXNativeTarget "MuseumMuse" */;
			buildPhases = (
				990B37FA2EE3DDDD007B89BF /* Sources */,
				990B37FB2EE3DDDD007B89BF /* Frameworks */,
				990B37FC2EE3DDDD007B89BF /* Resources */,
			);
			buildRules = (
			);
			dependencies = (
			);
			fileSystemSynchronizedGroups = (
				990B38002EE3DDDD007B89BF /* MetaMuseumGuide */,
			);
			name = MuseumMuse;
			packageProductDependencies = (
			);
			productName = MetaMuseumGuide;
			productReference = 990B37FE2EE3DDDD007B89BF /* MuseumMuse.app */;
			productType = "com.apple.product-type.application";
		};
		990B380D2EE3DDDE007B89BF /* MuseumMuseTests */ = {
			isa = PBXNativeTarget;
			buildConfigurationList = 990B38252EE3DDDE007B89BF /* Build configuration list for PBXNativeTarget "MuseumMuseTests" */;
			buildPhases = (
				990B380A2EE3DDDE007B89BF /* Sources */,
				990B380B2EE3DDDE007B89BF /* Frameworks */,
				990B380C2EE3DDDE007B89BF /* Resources */,
			);
			buildRules = (
			);
			dependencies = (
				990B38102EE3DDDE007B89BF /* PBXTargetDependency */,
			);
			fileSystemSynchronizedGroups = (
				990B38112EE3DDDE007B89BF /* MetaMuseumGuideTests */,
			);
			name = MuseumMuseTests;
			packageProductDependencies = (
			);
			productName = MetaMuseumGuideTests;
			productReference = 990B380E2EE3DDDE007B89BF /* MuseumMuseTests.xctest */;
			productType = "com.apple.product-type.bundle.unit-test";
		};
		990B38172EE3DDDE007B89BF /* MuseumMuseUMuseumMuseTests */ = {
			isa = PBXNativeTarget;
			buildConfigurationList = 990B38282EE3DDDE007B89BF /* Build configuration list for PBXNativeTarget "MuseumMuseUMuseumMuseTests" */;
			buildPhases = (
				990B38142EE3DDDE007B89BF /* Sources */,
				990B38152EE3DDDE007B89BF /* Frameworks */,
				990B38162EE3DDDE007B89BF /* Resources */,
			);
			buildRules = (
			);
			dependencies = (
				990B381A2EE3DDDE007B89BF /* PBXTargetDependency */,
			);
			fileSystemSynchronizedGroups = (
				990B381B2EE3DDDE007B89BF /* MetaMuseumGuideUITests */,
			);
			name = MuseumMuseUMuseumMuseTests;
			packageProductDependencies = (
			);
			productName = MetaMuseumGuideUITests;
			productReference = 990B38182EE3DDDE007B89BF /* MuseumMuseUMuseumMuseTests.xctest */;
			productType = "com.apple.product-type.bundle.ui-testing";
		};
/* End PBXNativeTarget section */

/* Begin PBXProject section */
		990B37F62EE3DDDD007B89BF /* Project object */ = {
			isa = PBXProject;
			attributes = {
				BuildIndependentTargetsInParallel = 1;
				LastSwiftUpdateCheck = 1620;
				LastUpgradeCheck = 1620;
				TargetAttributes = {
					990B37FD2EE3DDDD007B89BF = {
						CreatedOnToolsVersion = 16.2;
					};
					990B380D2EE3DDDE007B89BF = {
						CreatedOnToolsVersion = 16.2;
						TestTargetID = 990B37FD2EE3DDDD007B89BF;
					};
					990B38172EE3DDDE007B89BF = {
						CreatedOnToolsVersion = 16.2;
						TestTargetID = 990B37FD2EE3DDDD007B89BF;
					};
				};
			};
			buildConfigurationList = 990B37F92EE3DDDD007B89BF /* Build configuration list for PBXProject "MuseumMuse" */;
			developmentRegion = en;
			hasScannedForEncodings = 0;
			knownRegions = (
				en,
				Base,
			);
			mainGroup = 990B37F52EE3DDDD007B89BF;
			minimizedProjectReferenceProxies = 1;
			packageReferences = (
				990B38502EE3E21A007B89BF /* XCRemoteSwiftPackageReference "meta-wearables-dat-ios" */,
			);
			preferredProjectObjectVersion = 77;
			productRefGroup = 990B37FF2EE3DDDD007B89BF /* Products */;
			projectDirPath = "";
			projectRoot = "";
			targets = (
				990B37FD2EE3DDDD007B89BF /* MuseumMuse */,
				990B380D2EE3DDDE007B89BF /* MuseumMuseTests */,
				990B38172EE3DDDE007B89BF /* MuseumMuseUMuseumMuseTests */,
			);
		};
/* End PBXProject section */

/* Begin PBXResourcesBuildPhase section */
		990B37FC2EE3DDDD007B89BF /* Resources */ = {
			isa = PBXResourcesBuildPhase;
			buildActionMask = 2147483647;
			files = (
			);
			runOnlyForDeploymentPostprocessing = 0;
		};
		990B380C2EE3DDDE007B89BF /* Resources */ = {
			isa = PBXResourcesBuildPhase;
			buildActionMask = 2147483647;
			files = (
			);
			runOnlyForDeploymentPostprocessing = 0;
		};
		990B38162EE3DDDE007B89BF /* Resources */ = {
			isa = PBXResourcesBuildPhase;
			buildActionMask = 2147483647;
			files = (
			);
			runOnlyForDeploymentPostprocessing = 0;
		};
/* End PBXResourcesBuildPhase section */

/* Begin PBXSourcesBuildPhase section */
		990B37FA2EE3DDDD007B89BF /* Sources */ = {
			isa = PBXSourcesBuildPhase;
			buildActionMask = 2147483647;
			files = (
			);
			runOnlyForDeploymentPostprocessing = 0;
		};
		990B380A2EE3DDDE007B89BF /* Sources */ = {
			isa = PBXSourcesBuildPhase;
			buildActionMask = 2147483647;
			files = (
			);
			runOnlyForDeploymentPostprocessing = 0;
		};
		990B38142EE3DDDE007B89BF /* Sources */ = {
			isa = PBXSourcesBuildPhase;
			buildActionMask = 2147483647;
			files = (
			);
			runOnlyForDeploymentPostprocessing = 0;
		};
/* End PBXSourcesBuildPhase section */

/* Begin PBXTargetDependency section */
		990B38102EE3DDDE007B89BF /* PBXTargetDependency */ = {
			isa = PBXTargetDependency;
			target = 990B37FD2EE3DDDD007B89BF /* MuseumMuse */;
			targetProxy = 990B380F2EE3DDDE007B89BF /* PBXContainerItemProxy */;
		};
		990B381A2EE3DDDE007B89BF /* PBXTargetDependency */ = {
			isa = PBXTargetDependency;
			target = 990B37FD2EE3DDDD007B89BF /* MuseumMuse */;
			targetProxy = 990B38192EE3DDDE007B89BF /* PBXContainerItemProxy */;
		};
/* End PBXTargetDependency section */

/* Begin XCBuildConfiguration section */
		990B38202EE3DDDE007B89BF /* Debug */ = {
			isa = XCBuildConfiguration;
			buildSettings = {
				ALWAYS_SEARCH_USER_PATHS = NO;
				ASSETCATALOG_COMPILER_GENERATE_SWIFT_ASSET_SYMBOL_EXTENSIONS = YES;
				CLANG_ANALYZER_NONNULL = YES;
				CLANG_ANALYZER_NUMBER_OBJECT_CONVERSION = YES_AGGRESSIVE;
				CLANG_CXX_LANGUAGE_STANDARD = "gnu++20";
				CLANG_ENABLE_MODULES = YES;
				CLANG_ENABLE_OBJC_ARC = YES;
				CLANG_ENABLE_OBJC_WEAK = YES;
				CLANG_WARN_BLOCK_CAPTURE_AUTORELEASING = YES;
				CLANG_WARN_BOOL_CONVERSION = YES;
				CLANG_WARN_COMMA = YES;
				CLANG_WARN_CONSTANT_CONVERSION = YES;
				CLANG_WARN_DEPRECATED_OBJC_IMPLEMENTATIONS = YES;
				CLANG_WARN_DIRECT_OBJC_ISA_USAGE = YES_ERROR;
				CLANG_WARN_DOCUMENTATION_COMMENTS = YES;
				CLANG_WARN_EMPTY_BODY = YES;
				CLANG_WARN_ENUM_CONVERSION = YES;
				CLANG_WARN_INFINITE_RECURSION = YES;
				CLANG_WARN_INT_CONVERSION = YES;
				CLANG_WARN_NON_LITERAL_NULL_CONVERSION = YES;
				CLANG_WARN_OBJC_IMPLICIT_RETAIN_SELF = YES;
				CLANG_WARN_OBJC_LITERAL_CONVERSION = YES;
				CLANG_WARN_OBJC_ROOT_CLASS = YES_ERROR;
				CLANG_WARN_QUOTED_INCLUDE_IN_FRAMEWORK_HEADER = YES;
				CLANG_WARN_RANGE_LOOP_ANALYSIS = YES;
				CLANG_WARN_STRICT_PROTOTYPES = YES;
				CLANG_WARN_SUSPICIOUS_MOVE = YES;
				CLANG_WARN_UNGUARDED_AVAILABILITY = YES_AGGRESSIVE;
				CLANG_WARN_UNREACHABLE_CODE = YES;
				CLANG_WARN__DUPLICATE_METHOD_MATCH = YES;
				COPY_PHASE_STRIP = NO;
				DEBUG_INFORMATION_FORMAT = dwarf;
				ENABLE_STRICT_OBJC_MSGSEND = YES;
				ENABLE_TESTABILITY = YES;
				ENABLE_USER_SCRIPT_SANDBOXING = YES;
				GCC_C_LANGUAGE_STANDARD = gnu17;
				GCC_DYNAMIC_NO_PIC = NO;
				GCC_NO_COMMON_BLOCKS = YES;
				GCC_OPTIMIZATION_LEVEL = 0;
				GCC_PREPROCESSOR_DEFINITIONS = (
					"DEBUG=1",
					"$(inherited)",
				);
				GCC_WARN_64_TO_32_BIT_CONVERSION = YES;
				GCC_WARN_ABOUT_RETURN_TYPE = YES_ERROR;
				GCC_WARN_UNDECLARED_SELECTOR = YES;
				GCC_WARN_UNINITIALIZED_AUTOS = YES_AGGRESSIVE;
				GCC_WARN_UNUSED_FUNCTION = YES;
				GCC_WARN_UNUSED_VARIABLE = YES;
				IPHONEOS_DEPLOYMENT_TARGET = 18.2;
				LOCALIZATION_PREFERS_STRING_CATALOGS = YES;
				MTL_ENABLE_DEBUG_INFO = INCLUDE_SOURCE;
				MTL_FAST_MATH = YES;
				ONLY_ACTIVE_ARCH = YES;
				SDKROOT = iphoneos;
				SWIFT_ACTIVE_COMPILATION_CONDITIONS = "DEBUG $(inherited)";
				SWIFT_OPTIMIZATION_LEVEL = "-Onone";
			};
			name = Debug;
		};
		990B38212EE3DDDE007B89BF /* Release */ = {
			isa = XCBuildConfiguration;
			buildSettings = {
				ALWAYS_SEARCH_USER_PATHS = NO;
				ASSETCATALOG_COMPILER_GENERATE_SWIFT_ASSET_SYMBOL_EXTENSIONS = YES;
				CLANG_ANALYZER_NONNULL = YES;
				CLANG_ANALYZER_NUMBER_OBJECT_CONVERSION = YES_AGGRESSIVE;
				CLANG_CXX_LANGUAGE_STANDARD = "gnu++20";
				CLANG_ENABLE_MODULES = YES;
				CLANG_ENABLE_OBJC_ARC = YES;
				CLANG_ENABLE_OBJC_WEAK = YES;
				CLANG_WARN_BLOCK_CAPTURE_AUTORELEASING = YES;
				CLANG_WARN_BOOL_CONVERSION = YES;
				CLANG_WARN_COMMA = YES;
				CLANG_WARN_CONSTANT_CONVERSION = YES;
				CLANG_WARN_DEPRECATED_OBJC_IMPLEMENTATIONS = YES;
				CLANG_WARN_DIRECT_OBJC_ISA_USAGE = YES_ERROR;
				CLANG_WARN_DOCUMENTATION_COMMENTS = YES;
				CLANG_WARN_EMPTY_BODY = YES;
				CLANG_WARN_ENUM_CONVERSION = YES;
				CLANG_WARN_INFINITE_RECURSION = YES;
				CLANG_WARN_INT_CONVERSION = YES;
				CLANG_WARN_NON_LITERAL_NULL_CONVERSION = YES;
				CLANG_WARN_OBJC_IMPLICIT_RETAIN_SELF = YES;
				CLANG_WARN_OBJC_LITERAL_CONVERSION = YES;
				CLANG_WARN_OBJC_ROOT_CLASS = YES_ERROR;
				CLANG_WARN_QUOTED_INCLUDE_IN_FRAMEWORK_HEADER = YES;
				CLANG_WARN_RANGE_LOOP_ANALYSIS = YES;
				CLANG_WARN_STRICT_PROTOTYPES = YES;
				CLANG_WARN_SUSPICIOUS_MOVE = YES;
				CLANG_WARN_UNGUARDED_AVAILABILITY = YES_AGGRESSIVE;
				CLANG_WARN_UNREACHABLE_CODE = YES;
				CLANG_WARN__DUPLICATE_METHOD_MATCH = YES;
				COPY_PHASE_STRIP = NO;
				DEBUG_INFORMATION_FORMAT = "dwarf-with-dsym";
				ENABLE_NS_ASSERTIONS = NO;
				ENABLE_STRICT_OBJC_MSGSEND = YES;
				ENABLE_USER_SCRIPT_SANDBOXING = YES;
				GCC_C_LANGUAGE_STANDARD = gnu17;
				GCC_NO_COMMON_BLOCKS = YES;
				GCC_WARN_64_TO_32_BIT_CONVERSION = YES;
				GCC_WARN_ABOUT_RETURN_TYPE = YES_ERROR;
				GCC_WARN_UNDECLARED_SELECTOR = YES;
				GCC_WARN_UNINITIALIZED_AUTOS = YES_AGGRESSIVE;
				GCC_WARN_UNUSED_FUNCTION = YES;
				GCC_WARN_UNUSED_VARIABLE = YES;
				IPHONEOS_DEPLOYMENT_TARGET = 18.2;
				LOCALIZATION_PREFERS_STRING_CATALOGS = YES;
				MTL_ENABLE_DEBUG_INFO = NO;
				MTL_FAST_MATH = YES;
				SDKROOT = iphoneos;
				SWIFT_COMPILATION_MODE = wholemodule;
				VALIDATE_PRODUCT = YES;
			};
			name = Release;
		};
		990B38232EE3DDDE007B89BF /* Debug */ = {
			isa = XCBuildConfiguration;
			buildSettings = {
				ASSETCATALOG_COMPILER_APPICON_NAME = AppIcon;
				ASSETCATALOG_COMPILER_GLOBAL_ACCENT_COLOR_NAME = AccentColor;
				CODE_SIGN_STYLE = Automatic;
				CURRENT_PROJECT_VERSION = 1;
				DEVELOPMENT_ASSET_PATHS = "\"MetaMuseumGuide/Preview Content\"";
				DEVELOPMENT_TEAM = UQ27N5CJJ6;
				ENABLE_PREVIEWS = YES;
				GENERATE_INFOPLIST_FILE = YES;
				INFOPLIST_FILE = Yes;
				INFOPLIST_KEY_UIApplicationSceneManifest_Generation = YES;
				INFOPLIST_KEY_UIApplicationSupportsIndirectInputEvents = YES;
				INFOPLIST_KEY_UILaunchScreen_Generation = YES;
				INFOPLIST_KEY_UISupportedInterfaceOrientations_iPad = "UIInterfaceOrientationPortrait UIInterfaceOrientationPortraitUpsideDown UIInterfaceOrientationLandscapeLeft UIInterfaceOrientationLandscapeRight";
				INFOPLIST_KEY_UISupportedInterfaceOrientations_iPhone = "UIInterfaceOrientationPortrait UIInterfaceOrientationLandscapeLeft UIInterfaceOrientationLandscapeRight";
				LD_RUNPATH_SEARCH_PATHS = (
					"$(inherited)",
					"@executable_path/Frameworks",
				);
				MARKETING_VERSION = 1.0;
				PRODUCT_BUNDLE_IDENTIFIER = UrbaniteXR.MetaMuseumGuide;
				PRODUCT_NAME = "$(TARGET_NAME)";
				SWIFT_EMIT_LOC_STRINGS = YES;
				SWIFT_VERSION = 5.0;
				TARGETED_DEVICE_FAMILY = "1,2";
			};
			name = Debug;
		};
		990B38242EE3DDDE007B89BF /* Release */ = {
			isa = XCBuildConfiguration;
			buildSettings = {
				ASSETCATALOG_COMPILER_APPICON_NAME = AppIcon;
				ASSETCATALOG_COMPILER_GLOBAL_ACCENT_COLOR_NAME = AccentColor;
				CODE_SIGN_STYLE = Automatic;
				CURRENT_PROJECT_VERSION = 1;
				DEVELOPMENT_ASSET_PATHS = "\"MetaMuseumGuide/Preview Content\"";
				DEVELOPMENT_TEAM = UQ27N5CJJ6;
				ENABLE_PREVIEWS = YES;
				GENERATE_INFOPLIST_FILE = YES;
				INFOPLIST_FILE = Yes;
				INFOPLIST_KEY_UIApplicationSceneManifest_Generation = YES;
				INFOPLIST_KEY_UIApplicationSupportsIndirectInputEvents = YES;
				INFOPLIST_KEY_UILaunchScreen_Generation = YES;
				INFOPLIST_KEY_UISupportedInterfaceOrientations_iPad = "UIInterfaceOrientationPortrait UIInterfaceOrientationPortraitUpsideDown UIInterfaceOrientationLandscapeLeft UIInterfaceOrientationLandscapeRight";
				INFOPLIST_KEY_UISupportedInterfaceOrientations_iPhone = "UIInterfaceOrientationPortrait UIInterfaceOrientationLandscapeLeft UIInterfaceOrientationLandscapeRight";
				LD_RUNPATH_SEARCH_PATHS = (
					"$(inherited)",
					"@executable_path/Frameworks",
				);
				MARKETING_VERSION = 1.0;
				PRODUCT_BUNDLE_IDENTIFIER = UrbaniteXR.MetaMuseumGuide;
				PRODUCT_NAME = "$(TARGET_NAME)";
				SWIFT_EMIT_LOC_STRINGS = YES;
				SWIFT_VERSION = 5.0;
				TARGETED_DEVICE_FAMILY = "1,2";
			};
			name = Release;
		};
		990B38262EE3DDDE007B89BF /* Debug */ = {
			isa = XCBuildConfiguration;
			buildSettings = {
				BUNDLE_LOADER = "$(TEST_HOST)";
				CODE_SIGN_STYLE = Automatic;
				CURRENT_PROJECT_VERSION = 1;
				DEVELOPMENT_TEAM = UQ27N5CJJ6;
				GENERATE_INFOPLIST_FILE = YES;
				IPHONEOS_DEPLOYMENT_TARGET = 18.2;
				MARKETING_VERSION = 1.0;
				PRODUCT_BUNDLE_IDENTIFIER = UrbaniteXR.MetaMuseumGuideTests;
				PRODUCT_NAME = "$(TARGET_NAME)";
				SWIFT_EMIT_LOC_STRINGS = NO;
				SWIFT_VERSION = 5.0;
				TARGETED_DEVICE_FAMILY = "1,2";
				TEST_HOST = "$(BUMuseumMuseLT_PRODUCTS_DMuseumMuseR)/MuseumMuse.app/$(BUNDLE_EXECUTABLE_FOLDER_PATH)/MuseumMuse";
			};
			name = Debug;
		};
		990B38272EE3DDDE007B89BF /* Release */ = {
			isa = XCBuildConfiguration;
			buildSettings = {
				BUNDLE_LOADER = "$(TEST_HOST)";
				CODE_SIGN_STYLE = Automatic;
				CURRENT_PROJECT_VERSION = 1;
				DEVELOPMENT_TEAM = UQ27N5CJJ6;
				GENERATE_INFOPLIST_FILE = YES;
				IPHONEOS_DEPLOYMENT_TARGET = 18.2;
				MARKETING_VERSION = 1.0;
				PRODUCT_BUNDLE_IDENTIFIER = UrbaniteXR.MetaMuseumGuideTests;
				PRODUCT_NAME = "$(TARGET_NAME)";
				SWIFT_EMIT_LOC_STRINGS = NO;
				SWIFT_VERSION = 5.0;
				TARGETED_DEVICE_FAMILY = "1,2";
				TEST_HOST = "$(BUMuseumMuseLT_PRODUCTS_DMuseumMuseR)/MuseumMuse.app/$(BUNDLE_EXECUTABLE_FOLDER_PATH)/MuseumMuse";
			};
			name = Release;
		};
		990B38292EE3DDDE007B89BF /* Debug */ = {
			isa = XCBuildConfiguration;
			buildSettings = {
				CODE_SIGN_STYLE = Automatic;
				CURRENT_PROJECT_VERSION = 1;
				DEVELOPMENT_TEAM = UQ27N5CJJ6;
				GENERATE_INFOPLIST_FILE = YES;
				MARKETING_VERSION = 1.0;
				PRODUCT_BUNDLE_IDENTIFIER = UrbaniteXR.MetaMuseumGuideUITests;
				PRODUCT_NAME = "$(TARGET_NAME)";
				SWIFT_EMIT_LOC_STRINGS = NO;
				SWIFT_VERSION = 5.0;
				TARGETED_DEVICE_FAMILY = "1,2";
				TEST_TARGET_NAME = MetaMuseumGuide;
			};
			name = Debug;
		};
		990B382A2EE3DDDE007B89BF /* Release */ = {
			isa = XCBuildConfiguration;
			buildSettings = {
				CODE_SIGN_STYLE = Automatic;
				CURRENT_PROJECT_VERSION = 1;
				DEVELOPMENT_TEAM = UQ27N5CJJ6;
				GENERATE_INFOPLIST_FILE = YES;
				MARKETING_VERSION = 1.0;
				PRODUCT_BUNDLE_IDENTIFIER = UrbaniteXR.MetaMuseumGuideUITests;
				PRODUCT_NAME = "$(TARGET_NAME)";
				SWIFT_EMIT_LOC_STRINGS = NO;
				SWIFT_VERSION = 5.0;
				TARGETED_DEVICE_FAMILY = "1,2";
				TEST_TARGET_NAME = MetaMuseumGuide;
			};
			name = Release;
		};
/* End XCBuildConfiguration section */

/* Begin XCConfigurationList section */
		990B37F92EE3DDDD007B89BF /* Build configuration list for PBXProject "MuseumMuse" */ = {
			isa = XCConfigurationList;
			buildConfigurations = (
				990B38202EE3DDDE007B89BF /* Debug */,
				990B38212EE3DDDE007B89BF /* Release */,
			);
			defaultConfigurationIsVisible = 0;
			defaultConfigurationName = Release;
		};
		990B38222EE3DDDE007B89BF /* Build configuration list for PBXNativeTarget "MuseumMuse" */ = {
			isa = XCConfigurationList;
			buildConfigurations = (
				990B38232EE3DDDE007B89BF /* Debug */,
				990B38242EE3DDDE007B89BF /* Release */,
			);
			defaultConfigurationIsVisible = 0;
			defaultConfigurationName = Release;
		};
		990B38252EE3DDDE007B89BF /* Build configuration list for PBXNativeTarget "MuseumMuseTests" */ = {
			isa = XCConfigurationList;
			buildConfigurations = (
				990B38262EE3DDDE007B89BF /* Debug */,
				990B38272EE3DDDE007B89BF /* Release */,
			);
			defaultConfigurationIsVisible = 0;
			defaultConfigurationName = Release;
		};
		990B38282EE3DDDE007B89BF /* Build configuration list for PBXNativeTarget "MuseumMuseUMuseumMuseTests" */ = {
			isa = XCConfigurationList;
			buildConfigurations = (
				990B38292EE3DDDE007B89BF /* Debug */,
				990B382A2EE3DDDE007B89BF /* Release */,
			);
			defaultConfigurationIsVisible = 0;
			defaultConfigurationName = Release;
		};
/* End XCConfigurationList section */

/* Begin XCRemoteSwiftPackageReference section */
		990B38502EE3E21A007B89BF /* XCRemoteSwiftPackageReference "meta-wearables-dat-ios" */ = {
			isa = XCRemoteSwiftPackageReference;
			repositoryURL = "https://github.com/facebook/meta-wearables-dat-ios";
			requirement = {
				kind = upToNextMajorVersion;
				minimumVersion = 0.2.1;
			};
		};
/* End XCRemoteSwiftPackageReference section */
	};
	rootObject = 990B37F62EE3DDDD007B89BF /* Project object */;
}
